
Microsoft Visual Studio Solution File, Format Version 12.00
# Visual Studio Version 17
VisualStudioVersion = 17.7.34024.191
MinimumVisualStudioVersion = 10.0.40219.1
Project("{FAE04EC0-301F-11D3-BF4B-00C04F79EFBC}") = "pianino2.0", "pianino2.0\pianino2.0.csproj", "{4EED44B4-79FD-46C9-83FB-94F046D992F0}"
EndProject
Global
	GlobalSection(SolutionConfigurationPlatforms) = preSolution
		Debug|Any CPU = Debug|Any CPU
		Release|Any CPU = Release|Any CPU
	EndGlobalSection
	GlobalSection(ProjectConfigurationPlatforms) = postSolution
		{4EED44B4-79FD-46C9-83FB-94F046D992F0}.Debug|Any CPU.ActiveCfg = Debug|Any CPU
		{4EED44B4-79FD-46C9-83FB-94F046D992F0}.Debug|Any CPU.Build.0 = Debug|Any CPU
		{4EED44B4-79FD-46C9-83FB-94F046D992F0}.Release|Any CPU.ActiveCfg = Release|Any CPU
		{4EED44B4-79FD-46C9-83FB-94F046D992F0}.Release|Any CPU.Build.0 = Release|Any CPU
	EndGlobalSection
	GlobalSection(SolutionProperties) = preSolution
		HideSolutionNode = FALSE
	EndGlobalSection
	GlobalSection(ExtensibilityGlobals) = postSolution
		SolutionGuid = {98E65E03-8F4E-4A24-92A6-F87EAB80AF19}
	EndGlobalSection
EndGlobal
